
Microsoft Visual Studio Solution File, Format Version 12.00
# Visual Studio Version 16
VisualStudioVersion = 16.0.29509.3
MinimumVisualStudioVersion = 10.0.40219.1
Project("{9A19103F-16F7-4668-BE54-9A1E7A4F7556}") = "SamuraiApp.Domain", "SamuraiApp.Domain\SamuraiApp.Domain.csproj", "{45F35609-D805-490D-81B5-D8C716FA032A}"
EndProject
Project("{9A19103F-16F7-4668-BE54-9A1E7A4F7556}") = "SamuraiApp.Data", "SamuraiApp.Data\SamuraiApp.Data.csproj", "{73A19CEC-BDF7-4EB9-8761-2B528BD7D9F9}"
EndProject
Project("{FAE04EC0-301F-11D3-BF4B-00C04F79EFBC}") = "ConsoleApp", "ConsoleApp\ConsoleApp.csproj", "{9B5333D0-F34E-47C5-97CC-AA30A7D55834}"
EndProject
Global
	GlobalSection(SolutionConfigurationPlatforms) = preSolution
		Debug|Any CPU = Debug|Any CPU
		Release|Any CPU = Release|Any CPU
	EndGlobalSection
	GlobalSection(ProjectConfigurationPlatforms) = postSolution
		{45F35609-D805-490D-81B5-D8C716FA032A}.Debug|Any CPU.ActiveCfg = Debug|Any CPU
		{45F35609-D805-490D-81B5-D8C716FA032A}.Debug|Any CPU.Build.0 = Debug|Any CPU
		{45F35609-D805-490D-81B5-D8C716FA032A}.Release|Any CPU.ActiveCfg = Release|Any CPU
		{45F35609-D805-490D-81B5-D8C716FA032A}.Release|Any CPU.Build.0 = Release|Any CPU
		{73A19CEC-BDF7-4EB9-8761-2B528BD7D9F9}.Debug|Any CPU.ActiveCfg = Debug|Any CPU
		{73A19CEC-BDF7-4EB9-8761-2B528BD7D9F9}.Debug|Any CPU.Build.0 = Debug|Any CPU
		{73A19CEC-BDF7-4EB9-8761-2B528BD7D9F9}.Release|Any CPU.ActiveCfg = Release|Any CPU
		{73A19CEC-BDF7-4EB9-8761-2B528BD7D9F9}.Release|Any CPU.Build.0 = Release|Any CPU
		{9B5333D0-F34E-47C5-97CC-AA30A7D55834}.Debug|Any CPU.ActiveCfg = Debug|Any CPU
		{9B5333D0-F34E-47C5-97CC-AA30A7D55834}.Debug|Any CPU.Build.0 = Debug|Any CPU
		{9B5333D0-F34E-47C5-97CC-AA30A7D55834}.Release|Any CPU.ActiveCfg = Release|Any CPU
		{9B5333D0-F34E-47C5-97CC-AA30A7D55834}.Release|Any CPU.Build.0 = Release|Any CPU
	EndGlobalSection
	GlobalSection(SolutionProperties) = preSolution
		HideSolutionNode = FALSE
	EndGlobalSection
	GlobalSection(ExtensibilityGlobals) = postSolution
		SolutionGuid = {9327066A-4B3A-42D8-A8F5-E69A14ACC338}
	EndGlobalSection
EndGlobal
